
Microsoft Visual Studio Solution File, Format Version 12.00
# Visual Studio Version 16
VisualStudioVersion = 16.0.29519.87
MinimumVisualStudioVersion = 10.0.40219.1
Project("{2150E333-8FDC-42A3-9474-1A3956D46DE8}") = "_db", "_db", "{4D13C97F-1A82-457F-881F-FAB4350EDFE5}"
EndProject
Project("{FAE04EC0-301F-11D3-BF4B-00C04F79EFBC}") = "EminentTest.DB", "EminentTest.DB\EminentTest.DB.csproj", "{EF9CEBC4-82E2-4FE4-9A79-78A389087550}"
EndProject
Project("{2150E333-8FDC-42A3-9474-1A3956D46DE8}") = "Core", "Core", "{C826C7BB-1FCC-4DED-BDCA-E904F38795A1}"
EndProject
Project("{FAE04EC0-301F-11D3-BF4B-00C04F79EFBC}") = "EminentTest.Abstraction", "EminentTest.Abstraction\EminentTest.Abstraction.csproj", "{0D4D876A-10E5-48A3-972B-175BCB8DB291}"
EndProject
Project("{2150E333-8FDC-42A3-9474-1A3956D46DE8}") = "App", "App", "{536801AC-7603-41D2-BE32-C8799A022D6F}"
EndProject
Project("{FAE04EC0-301F-11D3-BF4B-00C04F79EFBC}") = "EminentTest.Api", "EminentTest.Api\EminentTest.Api.csproj", "{CB31706F-98B0-42D9-BC7B-932BD3EEA8CB}"
EndProject
Global
	GlobalSection(SolutionConfigurationPlatforms) = preSolution
		Debug|Any CPU = Debug|Any CPU
		Release|Any CPU = Release|Any CPU
	EndGlobalSection
	GlobalSection(ProjectConfigurationPlatforms) = postSolution
		{EF9CEBC4-82E2-4FE4-9A79-78A389087550}.Debug|Any CPU.ActiveCfg = Debug|Any CPU
		{EF9CEBC4-82E2-4FE4-9A79-78A389087550}.Debug|Any CPU.Build.0 = Debug|Any CPU
		{EF9CEBC4-82E2-4FE4-9A79-78A389087550}.Release|Any CPU.ActiveCfg = Release|Any CPU
		{EF9CEBC4-82E2-4FE4-9A79-78A389087550}.Release|Any CPU.Build.0 = Release|Any CPU
		{0D4D876A-10E5-48A3-972B-175BCB8DB291}.Debug|Any CPU.ActiveCfg = Debug|Any CPU
		{0D4D876A-10E5-48A3-972B-175BCB8DB291}.Debug|Any CPU.Build.0 = Debug|Any CPU
		{0D4D876A-10E5-48A3-972B-175BCB8DB291}.Release|Any CPU.ActiveCfg = Release|Any CPU
		{0D4D876A-10E5-48A3-972B-175BCB8DB291}.Release|Any CPU.Build.0 = Release|Any CPU
		{CB31706F-98B0-42D9-BC7B-932BD3EEA8CB}.Debug|Any CPU.ActiveCfg = Debug|Any CPU
		{CB31706F-98B0-42D9-BC7B-932BD3EEA8CB}.Debug|Any CPU.Build.0 = Debug|Any CPU
		{CB31706F-98B0-42D9-BC7B-932BD3EEA8CB}.Release|Any CPU.ActiveCfg = Release|Any CPU
		{CB31706F-98B0-42D9-BC7B-932BD3EEA8CB}.Release|Any CPU.Build.0 = Release|Any CPU
	EndGlobalSection
	GlobalSection(SolutionProperties) = preSolution
		HideSolutionNode = FALSE
	EndGlobalSection
	GlobalSection(NestedProjects) = preSolution
		{EF9CEBC4-82E2-4FE4-9A79-78A389087550} = {4D13C97F-1A82-457F-881F-FAB4350EDFE5}
		{0D4D876A-10E5-48A3-972B-175BCB8DB291} = {C826C7BB-1FCC-4DED-BDCA-E904F38795A1}
		{CB31706F-98B0-42D9-BC7B-932BD3EEA8CB} = {536801AC-7603-41D2-BE32-C8799A022D6F}
	EndGlobalSection
	GlobalSection(ExtensibilityGlobals) = postSolution
		SolutionGuid = {63C845F6-88B8-4FE8-802D-84A0AEBBCA97}
	EndGlobalSection
EndGlobal
